{
    "requires": true,
    "lockfileVersion": 1,
    "dependencies": {
        "material-design-icons": {
            "version": "3.0.1",
            "resolved": "https://registry.npmjs.org/material-design-icons/-/material-design-icons-3.0.1.tgz",
            "integrity": "sha1-mnHEh0chjrylHlGmbaaCA4zct78="
        },
        "material-icons": {
            "version": "0.2.3",
            "resolved": "https://registry.npmjs.org/material-icons/-/material-icons-0.2.3.tgz",
            "integrity": "sha512-1Q5wp4aeGWjE5POMtdLmqJn94QM7vmUCeJhNO5m0oDrtW1jfWlaLK73vF3C7/fuMD7NIVicyK8TSkwd+diFgaQ==",
            "dev": true
        }
    }
}
